
Microsoft Visual Studio Solution File, Format Version 12.00
# Visual Studio Version 17
VisualStudioVersion = 17.7.33808.371
MinimumVisualStudioVersion = 10.0.40219.1
Project("{888888A0-9F3D-457C-B088-3A5042F75D52}") = "EMA Crossover Bot", "EMA Crossover Bot\EMA Crossover Bot.pyproj", "{45E575FC-54D1-47B7-9B75-63CE3E42DF06}"
EndProject
Global
	GlobalSection(SolutionConfigurationPlatforms) = preSolution
		Debug|Any CPU = Debug|Any CPU
		Release|Any CPU = Release|Any CPU
	EndGlobalSection
	GlobalSection(ProjectConfigurationPlatforms) = postSolution
		{45E575FC-54D1-47B7-9B75-63CE3E42DF06}.Debug|Any CPU.ActiveCfg = Debug|Any CPU
		{45E575FC-54D1-47B7-9B75-63CE3E42DF06}.Release|Any CPU.ActiveCfg = Release|Any CPU
	EndGlobalSection
	GlobalSection(SolutionProperties) = preSolution
		HideSolutionNode = FALSE
	EndGlobalSection
	GlobalSection(ExtensibilityGlobals) = postSolution
		SolutionGuid = {0F409D04-94EB-403E-AB69-412E8BD0FF2D}
	EndGlobalSection
EndGlobal
