
Microsoft Visual Studio Solution File, Format Version 12.00
# Visual Studio Version 17
VisualStudioVersion = 17.8.34227.203
MinimumVisualStudioVersion = 10.0.40219.1
Project("{8BC9CEB8-8B4A-11D0-8D11-00A0C91BC942}") = "DS_Project", "DS_Project.vcxproj", "{3C98F36A-DF1B-435B-8C44-3FE21EE92FD1}"
EndProject
Global
	GlobalSection(SolutionConfigurationPlatforms) = preSolution
		Debug|x64 = Debug|x64
		Debug|x86 = Debug|x86
		Release|x64 = Release|x64
		Release|x86 = Release|x86
	EndGlobalSection
	GlobalSection(ProjectConfigurationPlatforms) = postSolution
		{3C98F36A-DF1B-435B-8C44-3FE21EE92FD1}.Debug|x64.ActiveCfg = Debug|x64
		{3C98F36A-DF1B-435B-8C44-3FE21EE92FD1}.Debug|x64.Build.0 = Debug|x64
		{3C98F36A-DF1B-435B-8C44-3FE21EE92FD1}.Debug|x86.ActiveCfg = Debug|Win32
		{3C98F36A-DF1B-435B-8C44-3FE21EE92FD1}.Debug|x86.Build.0 = Debug|Win32
		{3C98F36A-DF1B-435B-8C44-3FE21EE92FD1}.Release|x64.ActiveCfg = Release|x64
		{3C98F36A-DF1B-435B-8C44-3FE21EE92FD1}.Release|x64.Build.0 = Release|x64
		{3C98F36A-DF1B-435B-8C44-3FE21EE92FD1}.Release|x86.ActiveCfg = Release|Win32
		{3C98F36A-DF1B-435B-8C44-3FE21EE92FD1}.Release|x86.Build.0 = Release|Win32
	EndGlobalSection
	GlobalSection(SolutionProperties) = preSolution
		HideSolutionNode = FALSE
	EndGlobalSection
	GlobalSection(ExtensibilityGlobals) = postSolution
		SolutionGuid = {6F864B19-8A31-48B2-9757-BAF5FF488806}
	EndGlobalSection
EndGlobal
